
Microsoft Visual Studio Solution File, Format Version 12.00
# Visual Studio Version 17
VisualStudioVersion = 17.7.34202.233
MinimumVisualStudioVersion = 10.0.40219.1
Project("{FAE04EC0-301F-11D3-BF4B-00C04F79EFBC}") = "MS4S-MD5Hasher", "MS4S-MD5Hasher.csproj", "{219E4E4A-368B-4715-A3AC-482281999993}"
EndProject
Global
	GlobalSection(SolutionConfigurationPlatforms) = preSolution
		Debug|Any CPU = Debug|Any CPU
		Release|Any CPU = Release|Any CPU
	EndGlobalSection
	GlobalSection(ProjectConfigurationPlatforms) = postSolution
		{219E4E4A-368B-4715-A3AC-482281999993}.Debug|Any CPU.ActiveCfg = Debug|Any CPU
		{219E4E4A-368B-4715-A3AC-482281999993}.Debug|Any CPU.Build.0 = Debug|Any CPU
		{219E4E4A-368B-4715-A3AC-482281999993}.Release|Any CPU.ActiveCfg = Release|Any CPU
		{219E4E4A-368B-4715-A3AC-482281999993}.Release|Any CPU.Build.0 = Release|Any CPU
	EndGlobalSection
	GlobalSection(SolutionProperties) = preSolution
		HideSolutionNode = FALSE
	EndGlobalSection
	GlobalSection(ExtensibilityGlobals) = postSolution
		SolutionGuid = {56783549-6959-4AEC-B95B-3233A1553B14}
	EndGlobalSection
EndGlobal
